// !$*UTF8*$!
{
	archiveVersion = 1;
	classes = {
	};
	objectVersion = 46;
	objects = {

/* Begin PBXBuildFile section */
		AF600F1A1896BCF80077B0AC /* MCLevelInfoCell.m in Sources */ = {isa = PBXBuildFile; fileRef = AF600F191896BCF80077B0AC /* MCLevelInfoCell.m */; };
		AF600F1D1896BEE30077B0AC /* WorldsViewController.m in Sources */ = {isa = PBXBuildFile; fileRef = AF600F1C1896BEE30077B0AC /* WorldsViewController.m */; };
		AF65ABF71896B65000178477 /* MCNavigationController.m in Sources */ = {isa = PBXBuildFile; fileRef = AF65ABF61896B65000178477 /* MCNavigationController.m */; };
		AF93091C1895B2CB00CB2A8F /* Foundation.framework in Frameworks */ = {isa = PBXBuildFile; fileRef = AF93091B1895B2CB00CB2A8F /* Foundation.framework */; };
		AF93091E1895B2CB00CB2A8F /* CoreGraphics.framework in Frameworks */ = {isa = PBXBuildFile; fileRef = AF93091D1895B2CB00CB2A8F /* CoreGraphics.framework */; };
		AF9309201895B2CB00CB2A8F /* UIKit.framework in Frameworks */ = {isa = PBXBuildFile; fileRef = AF93091F1895B2CB00CB2A8F /* UIKit.framework */; };
		AF9309261895B2CB00CB2A8F /* InfoPlist.strings in Resources */ = {isa = PBXBuildFile; fileRef = AF9309241895B2CB00CB2A8F /* InfoPlist.strings */; };
		AF9309281895B2CB00CB2A8F /* main.m in Sources */ = {isa = PBXBuildFile; fileRef = AF9309271895B2CB00CB2A8F /* main.m */; };
		AF93092C1895B2CC00CB2A8F /* AppDelegate.m in Sources */ = {isa = PBXBuildFile; fileRef = AF93092B1895B2CC00CB2A8F /* AppDelegate.m */; };
		AF93092F1895B2CC00CB2A8F /* Main.storyboard in Resources */ = {isa = PBXBuildFile; fileRef = AF93092D1895B2CC00CB2A8F /* Main.storyboard */; };
		AF9309321895B2CC00CB2A8F /* MenuViewController.m in Sources */ = {isa = PBXBuildFile; fileRef = AF9309311895B2CC00CB2A8F /* MenuViewController.m */; };
		AF9309341895B2CC00CB2A8F /* Images.xcassets in Resources */ = {isa = PBXBuildFile; fileRef = AF9309331895B2CC00CB2A8F /* Images.xcassets */; };
		AF93093B1895B2CC00CB2A8F /* XCTest.framework in Frameworks */ = {isa = PBXBuildFile; fileRef = AF93093A1895B2CC00CB2A8F /* XCTest.framework */; };
		AF93093C1895B2CC00CB2A8F /* Foundation.framework in Frameworks */ = {isa = PBXBuildFile; fileRef = AF93091B1895B2CB00CB2A8F /* Foundation.framework */; };
		AF93093D1895B2CC00CB2A8F /* UIKit.framework in Frameworks */ = {isa = PBXBuildFile; fileRef = AF93091F1895B2CB00CB2A8F /* UIKit.framework */; };
		AF9309451895B2CC00CB2A8F /* InfoPlist.strings in Resources */ = {isa = PBXBuildFile; fileRef = AF9309431895B2CC00CB2A8F /* InfoPlist.strings */; };
		AF9309471895B2CC00CB2A8F /* MCSwitcherTests.m in Sources */ = {isa = PBXBuildFile; fileRef = AF9309461895B2CC00CB2A8F /* MCSwitcherTests.m */; };
		AF9309571895BED200CB2A8F /* KeepCalm-Medium.ttf in Resources */ = {isa = PBXBuildFile; fileRef = AF9309561895BED200CB2A8F /* KeepCalm-Medium.ttf */; };
		AFBC1DC5189A6910008EA224 /* libMCEditor.a in Frameworks */ = {isa = PBXBuildFile; fileRef = AFBC1D9A189A6910008EA224 /* libMCEditor.a */; };
/* End PBXBuildFile section */

/* Begin PBXContainerItemProxy section */
		AF93093E1895B2CC00CB2A8F /* PBXContainerItemProxy */ = {
			isa = PBXContainerItemProxy;
			containerPortal = AF9309101895B2CB00CB2A8F /* Project object */;
			proxyType = 1;
			remoteGlobalIDString = AF9309171895B2CB00CB2A8F;
			remoteInfo = MCSwitcher;
		};
/* End PBXContainerItemProxy section */

/* Begin PBXFileReference section */
		AF600F161896B8600077B0AC /* Constants.h */ = {isa = PBXFileReference; lastKnownFileType = sourcecode.c.h; name = Constants.h; path = Classes/Helper/Constants.h; sourceTree = "<group>"; };
		AF600F181896BCF80077B0AC /* MCLevelInfoCell.h */ = {isa = PBXFileReference; fileEncoding = 4; lastKnownFileType = sourcecode.c.h; name = MCLevelInfoCell.h; path = Classes/UIComponent/MCLevelInfoCell.h; sourceTree = "<group>"; };
		AF600F191896BCF80077B0AC /* MCLevelInfoCell.m */ = {isa = PBXFileReference; fileEncoding = 4; lastKnownFileType = sourcecode.c.objc; name = MCLevelInfoCell.m; path = Classes/UIComponent/MCLevelInfoCell.m; sourceTree = "<group>"; };
		AF600F1B1896BEE30077B0AC /* WorldsViewController.h */ = {isa = PBXFileReference; fileEncoding = 4; lastKnownFileType = sourcecode.c.h; name = WorldsViewController.h; path = Classes/View/WorldsViewController.h; sourceTree = "<group>"; };
		AF600F1C1896BEE30077B0AC /* WorldsViewController.m */ = {isa = PBXFileReference; fileEncoding = 4; lastKnownFileType = sourcecode.c.objc; name = WorldsViewController.m; path = Classes/View/WorldsViewController.m; sourceTree = "<group>"; };
		AF65ABF51896B65000178477 /* MCNavigationController.h */ = {isa = PBXFileReference; fileEncoding = 4; lastKnownFileType = sourcecode.c.h; name = MCNavigationController.h; path = Classes/View/MCNavigationController.h; sourceTree = "<group>"; };
		AF65ABF61896B65000178477 /* MCNavigationController.m */ = {isa = PBXFileReference; fileEncoding = 4; lastKnownFileType = sourcecode.c.objc; name = MCNavigationController.m; path = Classes/View/MCNavigationController.m; sourceTree = "<group>"; };
		AF9309181895B2CB00CB2A8F /* MCSwitcher.app */ = {isa = PBXFileReference; explicitFileType = wrapper.application; includeInIndex = 0; path = MCSwitcher.app; sourceTree = BUILT_PRODUCTS_DIR; };
		AF93091B1895B2CB00CB2A8F /* Foundation.framework */ = {isa = PBXFileReference; lastKnownFileType = wrapper.framework; name = Foundation.framework; path = System/Library/Frameworks/Foundation.framework; sourceTree = SDKROOT; };
		AF93091D1895B2CB00CB2A8F /* CoreGraphics.framework */ = {isa = PBXFileReference; lastKnownFileType = wrapper.framework; name = CoreGraphics.framework; path = System/Library/Frameworks/CoreGraphics.framework; sourceTree = SDKROOT; };
		AF93091F1895B2CB00CB2A8F /* UIKit.framework */ = {isa = PBXFileReference; lastKnownFileType = wrapper.framework; name = UIKit.framework; path = System/Library/Frameworks/UIKit.framework; sourceTree = SDKROOT; };
		AF9309231895B2CB00CB2A8F /* MCSwitcher-Info.plist */ = {isa = PBXFileReference; lastKnownFileType = text.plist.xml; path = "MCSwitcher-Info.plist"; sourceTree = "<group>"; };
		AF9309251895B2CB00CB2A8F /* en */ = {isa = PBXFileReference; lastKnownFileType = text.plist.strings; name = en; path = en.lproj/InfoPlist.strings; sourceTree = "<group>"; };
		AF9309271895B2CB00CB2A8F /* main.m */ = {isa = PBXFileReference; lastKnownFileType = sourcecode.c.objc; path = main.m; sourceTree = "<group>"; };
		AF9309291895B2CC00CB2A8F /* MCSwitcher-Prefix.pch */ = {isa = PBXFileReference; lastKnownFileType = sourcecode.c.h; path = "MCSwitcher-Prefix.pch"; sourceTree = "<group>"; };
		AF93092A1895B2CC00CB2A8F /* AppDelegate.h */ = {isa = PBXFileReference; lastKnownFileType = sourcecode.c.h; path = AppDelegate.h; sourceTree = "<group>"; };
		AF93092B1895B2CC00CB2A8F /* AppDelegate.m */ = {isa = PBXFileReference; lastKnownFileType = sourcecode.c.objc; path = AppDelegate.m; sourceTree = "<group>"; };
		AF93092E1895B2CC00CB2A8F /* Base */ = {isa = PBXFileReference; lastKnownFileType = file.storyboard; name = Base; path = Base.lproj/Main.storyboard; sourceTree = "<group>"; };
		AF9309301895B2CC00CB2A8F /* MenuViewController.h */ = {isa = PBXFileReference; lastKnownFileType = sourcecode.c.h; path = MenuViewController.h; sourceTree = "<group>"; };
		AF9309311895B2CC00CB2A8F /* MenuViewController.m */ = {isa = PBXFileReference; lastKnownFileType = sourcecode.c.objc; path = MenuViewController.m; sourceTree = "<group>"; };
		AF9309331895B2CC00CB2A8F /* Images.xcassets */ = {isa = PBXFileReference; lastKnownFileType = folder.assetcatalog; path = Images.xcassets; sourceTree = "<group>"; };
		AF9309391895B2CC00CB2A8F /* MCSwitcherTests.xctest */ = {isa = PBXFileReference; explicitFileType = wrapper.cfbundle; includeInIndex = 0; path = MCSwitcherTests.xctest; sourceTree = BUILT_PRODUCTS_DIR; };
		AF93093A1895B2CC00CB2A8F /* XCTest.framework */ = {isa = PBXFileReference; lastKnownFileType = wrapper.framework; name = XCTest.framework; path = Library/Frameworks/XCTest.framework; sourceTree = DEVELOPER_DIR; };
		AF9309421895B2CC00CB2A8F /* MCSwitcherTests-Info.plist */ = {isa = PBXFileReference; lastKnownFileType = text.plist.xml; path = "MCSwitcherTests-Info.plist"; sourceTree = "<group>"; };
		AF9309441895B2CC00CB2A8F /* en */ = {isa = PBXFileReference; lastKnownFileType = text.plist.strings; name = en; path = en.lproj/InfoPlist.strings; sourceTree = "<group>"; };
		AF9309461895B2CC00CB2A8F /* MCSwitcherTests.m */ = {isa = PBXFileReference; lastKnownFileType = sourcecode.c.objc; path = MCSwitcherTests.m; sourceTree = "<group>"; };
		AF9309561895BED200CB2A8F /* KeepCalm-Medium.ttf */ = {isa = PBXFileReference; lastKnownFileType = file; path = "KeepCalm-Medium.ttf"; sourceTree = "<group>"; };
		AFBC1D9A189A6910008EA224 /* libMCEditor.a */ = {isa = PBXFileReference; lastKnownFileType = archive.ar; path = libMCEditor.a; sourceTree = "<group>"; };
		AFBC1D9E189A6910008EA224 /* Animal.h */ = {isa = PBXFileReference; fileEncoding = 4; lastKnownFileType = sourcecode.c.h; path = Animal.h; sourceTree = "<group>"; };
		AFBC1D9F189A6910008EA224 /* Arrow.h */ = {isa = PBXFileReference; fileEncoding = 4; lastKnownFileType = sourcecode.c.h; path = Arrow.h; sourceTree = "<group>"; };
		AFBC1DA0189A6910008EA224 /* ChestTileEntity.h */ = {isa = PBXFileReference; fileEncoding = 4; lastKnownFileType = sourcecode.c.h; path = ChestTileEntity.h; sourceTree = "<group>"; };
		AFBC1DA1189A6910008EA224 /* ChestTileEntityStore.h */ = {isa = PBXFileReference; fileEncoding = 4; lastKnownFileType = sourcecode.c.h; path = ChestTileEntityStore.h; sourceTree = "<group>"; };
		AFBC1DA2189A6910008EA224 /* Chicken.h */ = {isa = PBXFileReference; fileEncoding = 4; lastKnownFileType = sourcecode.c.h; path = Chicken.h; sourceTree = "<group>"; };
		AFBC1DA3189A6910008EA224 /* ContainerTileEntity.h */ = {isa = PBXFileReference; fileEncoding = 4; lastKnownFileType = sourcecode.c.h; path = ContainerTileEntity.h; sourceTree = "<group>"; };
		AFBC1DA4189A6910008EA224 /* Cow.h */ = {isa = PBXFileReference; fileEncoding = 4; lastKnownFileType = sourcecode.c.h; path = Cow.h; sourceTree = "<group>"; };
		AFBC1DA5189A6910008EA224 /* Creeper.h */ = {isa = PBXFileReference; fileEncoding = 4; lastKnownFileType = sourcecode.c.h; path = Creeper.h; sourceTree = "<group>"; };
		AFBC1DA6189A6910008EA224 /* Egg.h */ = {isa = PBXFileReference; fileEncoding = 4; lastKnownFileType = sourcecode.c.h; path = Egg.h; sourceTree = "<group>"; };
		AFBC1DA7189A6910008EA224 /* Entity.h */ = {isa = PBXFileReference; fileEncoding = 4; lastKnownFileType = sourcecode.c.h; path = Entity.h; sourceTree = "<group>"; };
		AFBC1DA8189A6910008EA224 /* EntityDataConverter.h */ = {isa = PBXFileReference; fileEncoding = 4; lastKnownFileType = sourcecode.c.h; path = EntityDataConverter.h; sourceTree = "<group>"; };
		AFBC1DA9189A6910008EA224 /* EntityType.h */ = {isa = PBXFileReference; fileEncoding = 4; lastKnownFileType = sourcecode.c.h; path = EntityType.h; sourceTree = "<group>"; };
		AFBC1DAA189A6910008EA224 /* FallingBlock.h */ = {isa = PBXFileReference; fileEncoding = 4; lastKnownFileType = sourcecode.c.h; path = FallingBlock.h; sourceTree = "<group>"; };
		AFBC1DAB189A6910008EA224 /* FurnaceTileEntity.h */ = {isa = PBXFileReference; fileEncoding = 4; lastKnownFileType = sourcecode.c.h; path = FurnaceTileEntity.h; sourceTree = "<group>"; };
		AFBC1DAC189A6910008EA224 /* GameType.h */ = {isa = PBXFileReference; fileEncoding = 4; lastKnownFileType = sourcecode.c.h; path = GameType.h; sourceTree = "<group>"; };
		AFBC1DAD189A6910008EA224 /* InventorySlot.h */ = {isa = PBXFileReference; fileEncoding = 4; lastKnownFileType = sourcecode.c.h; path = InventorySlot.h; sourceTree = "<group>"; };
		AFBC1DAE189A6910008EA224 /* Item.h */ = {isa = PBXFileReference; fileEncoding = 4; lastKnownFileType = sourcecode.c.h; path = Item.h; sourceTree = "<group>"; };
		AFBC1DAF189A6910008EA224 /* ItemStack.h */ = {isa = PBXFileReference; fileEncoding = 4; lastKnownFileType = sourcecode.c.h; path = ItemStack.h; sourceTree = "<group>"; };
		AFBC1DB0189A6910008EA224 /* Level.h */ = {isa = PBXFileReference; fileEncoding = 4; lastKnownFileType = sourcecode.c.h; path = Level.h; sourceTree = "<group>"; };
		AFBC1DB1189A6910008EA224 /* LevelDataConverter.h */ = {isa = PBXFileReference; fileEncoding = 4; lastKnownFileType = sourcecode.c.h; path = LevelDataConverter.h; sourceTree = "<group>"; };
		AFBC1DB2189A6910008EA224 /* LivingEntity.h */ = {isa = PBXFileReference; fileEncoding = 4; lastKnownFileType = sourcecode.c.h; path = LivingEntity.h; sourceTree = "<group>"; };
		AFBC1DB3189A6910008EA224 /* Minecart.h */ = {isa = PBXFileReference; fileEncoding = 4; lastKnownFileType = sourcecode.c.h; path = Minecart.h; sourceTree = "<group>"; };
		AFBC1DB4189A6910008EA224 /* Monster.h */ = {isa = PBXFileReference; fileEncoding = 4; lastKnownFileType = sourcecode.c.h; path = Monster.h; sourceTree = "<group>"; };
		AFBC1DB5189A6910008EA224 /* NetherReactorTileEntity.h */ = {isa = PBXFileReference; fileEncoding = 4; lastKnownFileType = sourcecode.c.h; path = NetherReactorTileEntity.h; sourceTree = "<group>"; };
		AFBC1DB6189A6910008EA224 /* Painting.h */ = {isa = PBXFileReference; fileEncoding = 4; lastKnownFileType = sourcecode.c.h; path = Painting.h; sourceTree = "<group>"; };
		AFBC1DB7189A6910008EA224 /* Pig.h */ = {isa = PBXFileReference; fileEncoding = 4; lastKnownFileType = sourcecode.c.h; path = Pig.h; sourceTree = "<group>"; };
		AFBC1DB8189A6910008EA224 /* PigZombie.h */ = {isa = PBXFileReference; fileEncoding = 4; lastKnownFileType = sourcecode.c.h; path = PigZombie.h; sourceTree = "<group>"; };
		AFBC1DB9189A6910008EA224 /* Player.h */ = {isa = PBXFileReference; fileEncoding = 4; lastKnownFileType = sourcecode.c.h; path = Player.h; sourceTree = "<group>"; };
		AFBC1DBA189A6910008EA224 /* PlayerAbilities.h */ = {isa = PBXFileReference; fileEncoding = 4; lastKnownFileType = sourcecode.c.h; path = PlayerAbilities.h; sourceTree = "<group>"; };
		AFBC1DBB189A6910008EA224 /* Projectile.h */ = {isa = PBXFileReference; fileEncoding = 4; lastKnownFileType = sourcecode.c.h; path = Projectile.h; sourceTree = "<group>"; };
		AFBC1DBC189A6910008EA224 /* Sheep.h */ = {isa = PBXFileReference; fileEncoding = 4; lastKnownFileType = sourcecode.c.h; path = Sheep.h; sourceTree = "<group>"; };
		AFBC1DBD189A6910008EA224 /* SignTileEntity.h */ = {isa = PBXFileReference; fileEncoding = 4; lastKnownFileType = sourcecode.c.h; path = SignTileEntity.h; sourceTree = "<group>"; };
		AFBC1DBE189A6910008EA224 /* Skeleton.h */ = {isa = PBXFileReference; fileEncoding = 4; lastKnownFileType = sourcecode.c.h; path = Skeleton.h; sourceTree = "<group>"; };
		AFBC1DBF189A6910008EA224 /* Snowball.h */ = {isa = PBXFileReference; fileEncoding = 4; lastKnownFileType = sourcecode.c.h; path = Snowball.h; sourceTree = "<group>"; };
		AFBC1DC0189A6910008EA224 /* Spider.h */ = {isa = PBXFileReference; fileEncoding = 4; lastKnownFileType = sourcecode.c.h; path = Spider.h; sourceTree = "<group>"; };
		AFBC1DC1189A6910008EA224 /* TileEntity.h */ = {isa = PBXFileReference; fileEncoding = 4; lastKnownFileType = sourcecode.c.h; path = TileEntity.h; sourceTree = "<group>"; };
		AFBC1DC2189A6910008EA224 /* TNTPrimed.h */ = {isa = PBXFileReference; fileEncoding = 4; lastKnownFileType = sourcecode.c.h; path = TNTPrimed.h; sourceTree = "<group>"; };
		AFBC1DC3189A6910008EA224 /* Vector3f.h */ = {isa = PBXFileReference; fileEncoding = 4; lastKnownFileType = sourcecode.c.h; path = Vector3f.h; sourceTree = "<group>"; };
		AFBC1DC4189A6910008EA224 /* Zombie.h */ = {isa = PBXFileReference; fileEncoding = 4; lastKnownFileType = sourcecode.c.h; path = Zombie.h; sourceTree = "<group>"; };
/* End PBXFileReference section */

/* Begin PBXFrameworksBuildPhase section */
		AF9309151895B2CB00CB2A8F /* Frameworks */ = {
			isa = PBXFrameworksBuildPhase;
			buildActionMask = 2147483647;
			files = (
				AF93091E1895B2CB00CB2A8F /* CoreGraphics.framework in Frameworks */,
				AF9309201895B2CB00CB2A8F /* UIKit.framework in Frameworks */,
				AFBC1DC5189A6910008EA224 /* libMCEditor.a in Frameworks */,
				AF93091C1895B2CB00CB2A8F /* Foundation.framework in Frameworks */,
			);
			runOnlyForDeploymentPostprocessing = 0;
		};
		AF9309361895B2CC00CB2A8F /* Frameworks */ = {
			isa = PBXFrameworksBuildPhase;
			buildActionMask = 2147483647;
			files = (
				AF93093B1895B2CC00CB2A8F /* XCTest.framework in Frameworks */,
				AF93093D1895B2CC00CB2A8F /* UIKit.framework in Frameworks */,
				AF93093C1895B2CC00CB2A8F /* Foundation.framework in Frameworks */,
			);
			runOnlyForDeploymentPostprocessing = 0;
		};
/* End PBXFrameworksBuildPhase section */

/* Begin PBXGroup section */
		AF600F171896BCD00077B0AC /* UIComponent */ = {
			isa = PBXGroup;
			children = (
				AF600F181896BCF80077B0AC /* MCLevelInfoCell.h */,
				AF600F191896BCF80077B0AC /* MCLevelInfoCell.m */,
			);
			name = UIComponent;
			sourceTree = "<group>";
		};
		AF600F1E1896BEE70077B0AC /* World */ = {
			isa = PBXGroup;
			children = (
				AF600F1B1896BEE30077B0AC /* WorldsViewController.h */,
				AF600F1C1896BEE30077B0AC /* WorldsViewController.m */,
			);
			name = World;
			sourceTree = "<group>";
		};
		AF65ABF41896B61C00178477 /* Menu */ = {
			isa = PBXGroup;
			children = (
				AF9309301895B2CC00CB2A8F /* MenuViewController.h */,
				AF9309311895B2CC00CB2A8F /* MenuViewController.m */,
			);
			name = Menu;
			sourceTree = "<group>";
		};
		AF65ABF81896B68A00178477 /* Navigation */ = {
			isa = PBXGroup;
			children = (
				AF65ABF51896B65000178477 /* MCNavigationController.h */,
				AF65ABF61896B65000178477 /* MCNavigationController.m */,
			);
			name = Navigation;
			sourceTree = "<group>";
		};
		AF93090F1895B2CB00CB2A8F = {
			isa = PBXGroup;
			children = (
				AF9309211895B2CB00CB2A8F /* MCSwitcher */,
				AF9309401895B2CC00CB2A8F /* MCSwitcherTests */,
				AF93091A1895B2CB00CB2A8F /* Frameworks */,
				AF9309191895B2CB00CB2A8F /* Products */,
			);
			sourceTree = "<group>";
		};
		AF9309191895B2CB00CB2A8F /* Products */ = {
			isa = PBXGroup;
			children = (
				AF9309181895B2CB00CB2A8F /* MCSwitcher.app */,
				AF9309391895B2CC00CB2A8F /* MCSwitcherTests.xctest */,
			);
			name = Products;
			sourceTree = "<group>";
		};
		AF93091A1895B2CB00CB2A8F /* Frameworks */ = {
			isa = PBXGroup;
			children = (
				AF93091B1895B2CB00CB2A8F /* Foundation.framework */,
				AF93091D1895B2CB00CB2A8F /* CoreGraphics.framework */,
				AF93091F1895B2CB00CB2A8F /* UIKit.framework */,
				AF93093A1895B2CC00CB2A8F /* XCTest.framework */,
			);
			name = Frameworks;
			sourceTree = "<group>";
		};
		AF9309211895B2CB00CB2A8F /* MCSwitcher */ = {
			isa = PBXGroup;
			children = (
				AF9309541895BEAA00CB2A8F /* Assets */,
				AF9309521895B3F700CB2A8F /* Controller */,
				AF9309501895B3DB00CB2A8F /* Storyboards */,
				AF600F171896BCD00077B0AC /* UIComponent */,
				AF9309511895B3EF00CB2A8F /* View */,
				AF9309531895B40200CB2A8F /* Helper */,
				AF9309221895B2CB00CB2A8F /* Supporting Files */,
			);
			path = MCSwitcher;
			sourceTree = "<group>";
		};
		AF9309221895B2CB00CB2A8F /* Supporting Files */ = {
			isa = PBXGroup;
			children = (
				AFBC1D99189A6910008EA224 /* Libs */,
				AF93092A1895B2CC00CB2A8F /* AppDelegate.h */,
				AF93092B1895B2CC00CB2A8F /* AppDelegate.m */,
				AF9309231895B2CB00CB2A8F /* MCSwitcher-Info.plist */,
				AF9309241895B2CB00CB2A8F /* InfoPlist.strings */,
				AF9309271895B2CB00CB2A8F /* main.m */,
				AF9309291895B2CC00CB2A8F /* MCSwitcher-Prefix.pch */,
			);
			name = "Supporting Files";
			sourceTree = "<group>";
		};
		AF9309401895B2CC00CB2A8F /* MCSwitcherTests */ = {
			isa = PBXGroup;
			children = (
				AF9309461895B2CC00CB2A8F /* MCSwitcherTests.m */,
				AF9309411895B2CC00CB2A8F /* Supporting Files */,
			);
			path = MCSwitcherTests;
			sourceTree = "<group>";
		};
		AF9309411895B2CC00CB2A8F /* Supporting Files */ = {
			isa = PBXGroup;
			children = (
				AF9309421895B2CC00CB2A8F /* MCSwitcherTests-Info.plist */,
				AF9309431895B2CC00CB2A8F /* InfoPlist.strings */,
			);
			name = "Supporting Files";
			sourceTree = "<group>";
		};
		AF9309501895B3DB00CB2A8F /* Storyboards */ = {
			isa = PBXGroup;
			children = (
				AF93092D1895B2CC00CB2A8F /* Main.storyboard */,
			);
			name = Storyboards;
			sourceTree = "<group>";
		};
		AF9309511895B3EF00CB2A8F /* View */ = {
			isa = PBXGroup;
			children = (
				AF600F1E1896BEE70077B0AC /* World */,
				AF65ABF41896B61C00178477 /* Menu */,
				AF65ABF81896B68A00178477 /* Navigation */,
			);
			name = View;
			sourceTree = "<group>";
		};
		AF9309521895B3F700CB2A8F /* Controller */ = {
			isa = PBXGroup;
			children = (
			);
			name = Controller;
			sourceTree = "<group>";
		};
		AF9309531895B40200CB2A8F /* Helper */ = {
			isa = PBXGroup;
			children = (
				AF600F161896B8600077B0AC /* Constants.h */,
			);
			name = Helper;
			sourceTree = "<group>";
		};
		AF9309541895BEAA00CB2A8F /* Assets */ = {
			isa = PBXGroup;
			children = (
				AF9309551895BEB900CB2A8F /* Fonts */,
				AF9309331895B2CC00CB2A8F /* Images.xcassets */,
			);
			name = Assets;
			sourceTree = "<group>";
		};
		AF9309551895BEB900CB2A8F /* Fonts */ = {
			isa = PBXGroup;
			children = (
				AF9309561895BED200CB2A8F /* KeepCalm-Medium.ttf */,
			);
			name = Fonts;
			sourceTree = "<group>";
		};
		AFBC1D99189A6910008EA224 /* Libs */ = {
			isa = PBXGroup;
			children = (
				AFBC1D9A189A6910008EA224 /* libMCEditor.a */,
				AFBC1D9B189A6910008EA224 /* usr */,
			);
			path = Libs;
			sourceTree = "<group>";
		};
		AFBC1D9B189A6910008EA224 /* usr */ = {
			isa = PBXGroup;
			children = (
				AFBC1D9C189A6910008EA224 /* local */,
			);
			path = usr;
			sourceTree = "<group>";
		};
		AFBC1D9C189A6910008EA224 /* local */ = {
			isa = PBXGroup;
			children = (
				AFBC1D9D189A6910008EA224 /* include */,
			);
			path = local;
			sourceTree = "<group>";
		};
		AFBC1D9D189A6910008EA224 /* include */ = {
			isa = PBXGroup;
			children = (
				AFBC1D9E189A6910008EA224 /* Animal.h */,
				AFBC1D9F189A6910008EA224 /* Arrow.h */,
				AFBC1DA0189A6910008EA224 /* ChestTileEntity.h */,
				AFBC1DA1189A6910008EA224 /* ChestTileEntityStore.h */,
				AFBC1DA2189A6910008EA224 /* Chicken.h */,
				AFBC1DA3189A6910008EA224 /* ContainerTileEntity.h */,
				AFBC1DA4189A6910008EA224 /* Cow.h */,
				AFBC1DA5189A6910008EA224 /* Creeper.h */,
				AFBC1DA6189A6910008EA224 /* Egg.h */,
				AFBC1DA7189A6910008EA224 /* Entity.h */,
				AFBC1DA8189A6910008EA224 /* EntityDataConverter.h */,
				AFBC1DA9189A6910008EA224 /* EntityType.h */,
				AFBC1DAA189A6910008EA224 /* FallingBlock.h */,
				AFBC1DAB189A6910008EA224 /* FurnaceTileEntity.h */,
				AFBC1DAC189A6910008EA224 /* GameType.h */,
				AFBC1DAD189A6910008EA224 /* InventorySlot.h */,
				AFBC1DAE189A6910008EA224 /* Item.h */,
				AFBC1DAF189A6910008EA224 /* ItemStack.h */,
				AFBC1DB0189A6910008EA224 /* Level.h */,
				AFBC1DB1189A6910008EA224 /* LevelDataConverter.h */,
				AFBC1DB2189A6910008EA224 /* LivingEntity.h */,
				AFBC1DB3189A6910008EA224 /* Minecart.h */,
				AFBC1DB4189A6910008EA224 /* Monster.h */,
				AFBC1DB5189A6910008EA224 /* NetherReactorTileEntity.h */,
				AFBC1DB6189A6910008EA224 /* Painting.h */,
				AFBC1DB7189A6910008EA224 /* Pig.h */,
				AFBC1DB8189A6910008EA224 /* PigZombie.h */,
				AFBC1DB9189A6910008EA224 /* Player.h */,
				AFBC1DBA189A6910008EA224 /* PlayerAbilities.h */,
				AFBC1DBB189A6910008EA224 /* Projectile.h */,
				AFBC1DBC189A6910008EA224 /* Sheep.h */,
				AFBC1DBD189A6910008EA224 /* SignTileEntity.h */,
				AFBC1DBE189A6910008EA224 /* Skeleton.h */,
				AFBC1DBF189A6910008EA224 /* Snowball.h */,
				AFBC1DC0189A6910008EA224 /* Spider.h */,
				AFBC1DC1189A6910008EA224 /* TileEntity.h */,
				AFBC1DC2189A6910008EA224 /* TNTPrimed.h */,
				AFBC1DC3189A6910008EA224 /* Vector3f.h */,
				AFBC1DC4189A6910008EA224 /* Zombie.h */,
			);
			path = include;
			sourceTree = "<group>";
		};
/* End PBXGroup section */

/* Begin PBXNativeTarget section */
		AF9309171895B2CB00CB2A8F /* MCSwitcher */ = {
			isa = PBXNativeTarget;
			buildConfigurationList = AF93094A1895B2CC00CB2A8F /* Build configuration list for PBXNativeTarget "MCSwitcher" */;
			buildPhases = (
				AF9309141895B2CB00CB2A8F /* Sources */,
				AF9309151895B2CB00CB2A8F /* Frameworks */,
				AF9309161895B2CB00CB2A8F /* Resources */,
			);
			buildRules = (
			);
			dependencies = (
			);
			name = MCSwitcher;
			productName = MCSwitcher;
			productReference = AF9309181895B2CB00CB2A8F /* MCSwitcher.app */;
			productType = "com.apple.product-type.application";
		};
		AF9309381895B2CC00CB2A8F /* MCSwitcherTests */ = {
			isa = PBXNativeTarget;
			buildConfigurationList = AF93094D1895B2CC00CB2A8F /* Build configuration list for PBXNativeTarget "MCSwitcherTests" */;
			buildPhases = (
				AF9309351895B2CC00CB2A8F /* Sources */,
				AF9309361895B2CC00CB2A8F /* Frameworks */,
				AF9309371895B2CC00CB2A8F /* Resources */,
			);
			buildRules = (
			);
			dependencies = (
				AF93093F1895B2CC00CB2A8F /* PBXTargetDependency */,
			);
			name = MCSwitcherTests;
			productName = MCSwitcherTests;
			productReference = AF9309391895B2CC00CB2A8F /* MCSwitcherTests.xctest */;
			productType = "com.apple.product-type.bundle.unit-test";
		};
/* End PBXNativeTarget section */

/* Begin PBXProject section */
		AF9309101895B2CB00CB2A8F /* Project object */ = {
			isa = PBXProject;
			attributes = {
				LastUpgradeCheck = 0500;
				ORGANIZATIONNAME = Redlake;
				TargetAttributes = {
					AF9309381895B2CC00CB2A8F = {
						TestTargetID = AF9309171895B2CB00CB2A8F;
					};
				};
			};
			buildConfigurationList = AF9309131895B2CB00CB2A8F /* Build configuration list for PBXProject "MCSwitcher" */;
			compatibilityVersion = "Xcode 3.2";
			developmentRegion = English;
			hasScannedForEncodings = 0;
			knownRegions = (
				en,
				Base,
			);
			mainGroup = AF93090F1895B2CB00CB2A8F;
			productRefGroup = AF9309191895B2CB00CB2A8F /* Products */;
			projectDirPath = "";
			projectRoot = "";
			targets = (
				AF9309171895B2CB00CB2A8F /* MCSwitcher */,
				AF9309381895B2CC00CB2A8F /* MCSwitcherTests */,
			);
		};
/* End PBXProject section */

/* Begin PBXResourcesBuildPhase section */
		AF9309161895B2CB00CB2A8F /* Resources */ = {
			isa = PBXResourcesBuildPhase;
			buildActionMask = 2147483647;
			files = (
				AF9309341895B2CC00CB2A8F /* Images.xcassets in Resources */,
				AF9309261895B2CB00CB2A8F /* InfoPlist.strings in Resources */,
				AF93092F1895B2CC00CB2A8F /* Main.storyboard in Resources */,
				AF9309571895BED200CB2A8F /* KeepCalm-Medium.ttf in Resources */,
			);
			runOnlyForDeploymentPostprocessing = 0;
		};
		AF9309371895B2CC00CB2A8F /* Resources */ = {
			isa = PBXResourcesBuildPhase;
			buildActionMask = 2147483647;
			files = (
				AF9309451895B2CC00CB2A8F /* InfoPlist.strings in Resources */,
			);
			runOnlyForDeploymentPostprocessing = 0;
		};
/* End PBXResourcesBuildPhase section */

/* Begin PBXSourcesBuildPhase section */
		AF9309141895B2CB00CB2A8F /* Sources */ = {
			isa = PBXSourcesBuildPhase;
			buildActionMask = 2147483647;
			files = (
				AF9309321895B2CC00CB2A8F /* MenuViewController.m in Sources */,
				AF93092C1895B2CC00CB2A8F /* AppDelegate.m in Sources */,
				AF600F1A1896BCF80077B0AC /* MCLevelInfoCell.m in Sources */,
				AF9309281895B2CB00CB2A8F /* main.m in Sources */,
				AF65ABF71896B65000178477 /* MCNavigationController.m in Sources */,
				AF600F1D1896BEE30077B0AC /* WorldsViewController.m in Sources */,
			);
			runOnlyForDeploymentPostprocessing = 0;
		};
		AF9309351895B2CC00CB2A8F /* Sources */ = {
			isa = PBXSourcesBuildPhase;
			buildActionMask = 2147483647;
			files = (
				AF9309471895B2CC00CB2A8F /* MCSwitcherTests.m in Sources */,
			);
			runOnlyForDeploymentPostprocessing = 0;
		};
/* End PBXSourcesBuildPhase section */

/* Begin PBXTargetDependency section */
		AF93093F1895B2CC00CB2A8F /* PBXTargetDependency */ = {
			isa = PBXTargetDependency;
			target = AF9309171895B2CB00CB2A8F /* MCSwitcher */;
			targetProxy = AF93093E1895B2CC00CB2A8F /* PBXContainerItemProxy */;
		};
/* End PBXTargetDependency section */

/* Begin PBXVariantGroup section */
		AF9309241895B2CB00CB2A8F /* InfoPlist.strings */ = {
			isa = PBXVariantGroup;
			children = (
				AF9309251895B2CB00CB2A8F /* en */,
			);
			name = InfoPlist.strings;
			sourceTree = "<group>";
		};
		AF93092D1895B2CC00CB2A8F /* Main.storyboard */ = {
			isa = PBXVariantGroup;
			children = (
				AF93092E1895B2CC00CB2A8F /* Base */,
			);
			name = Main.storyboard;
			sourceTree = "<group>";
		};
		AF9309431895B2CC00CB2A8F /* InfoPlist.strings */ = {
			isa = PBXVariantGroup;
			children = (
				AF9309441895B2CC00CB2A8F /* en */,
			);
			name = InfoPlist.strings;
			sourceTree = "<group>";
		};
/* End PBXVariantGroup section */

/* Begin XCBuildConfiguration section */
		AF9309481895B2CC00CB2A8F /* Debug */ = {
			isa = XCBuildConfiguration;
			buildSettings = {
				ALWAYS_SEARCH_USER_PATHS = NO;
				ARCHS = "$(ARCHS_STANDARD_INCLUDING_64_BIT)";
				CLANG_CXX_LANGUAGE_STANDARD = "gnu++0x";
				CLANG_CXX_LIBRARY = "libc++";
				CLANG_ENABLE_MODULES = YES;
				CLANG_ENABLE_OBJC_ARC = YES;
				CLANG_WARN_BOOL_CONVERSION = YES;
				CLANG_WARN_CONSTANT_CONVERSION = YES;
				CLANG_WARN_DIRECT_OBJC_ISA_USAGE = YES_ERROR;
				CLANG_WARN_EMPTY_BODY = YES;
				CLANG_WARN_ENUM_CONVERSION = YES;
				CLANG_WARN_INT_CONVERSION = YES;
				CLANG_WARN_OBJC_ROOT_CLASS = YES_ERROR;
				CLANG_WARN__DUPLICATE_METHOD_MATCH = YES;
				"CODE_SIGN_IDENTITY[sdk=iphoneos*]" = "iPhone Developer";
				COPY_PHASE_STRIP = NO;
				GCC_C_LANGUAGE_STANDARD = gnu99;
				GCC_DYNAMIC_NO_PIC = NO;
				GCC_OPTIMIZATION_LEVEL = 0;
				GCC_PREPROCESSOR_DEFINITIONS = (
					"DEBUG=1",
					"$(inherited)",
				);
				GCC_SYMBOLS_PRIVATE_EXTERN = NO;
				GCC_WARN_64_TO_32_BIT_CONVERSION = YES;
				GCC_WARN_ABOUT_RETURN_TYPE = YES_ERROR;
				GCC_WARN_UNDECLARED_SELECTOR = YES;
				GCC_WARN_UNINITIALIZED_AUTOS = YES;
				GCC_WARN_UNUSED_FUNCTION = YES;
				GCC_WARN_UNUSED_VARIABLE = YES;
				IPHONEOS_DEPLOYMENT_TARGET = 7.0;
				ONLY_ACTIVE_ARCH = YES;
				SDKROOT = iphoneos;
			};
			name = Debug;
		};
		AF9309491895B2CC00CB2A8F /* Release */ = {
			isa = XCBuildConfiguration;
			buildSettings = {
				ALWAYS_SEARCH_USER_PATHS = NO;
				ARCHS = "$(ARCHS_STANDARD_INCLUDING_64_BIT)";
				CLANG_CXX_LANGUAGE_STANDARD = "gnu++0x";
				CLANG_CXX_LIBRARY = "libc++";
				CLANG_ENABLE_MODULES = YES;
				CLANG_ENABLE_OBJC_ARC = YES;
				CLANG_WARN_BOOL_CONVERSION = YES;
				CLANG_WARN_CONSTANT_CONVERSION = YES;
				CLANG_WARN_DIRECT_OBJC_ISA_USAGE = YES_ERROR;
				CLANG_WARN_EMPTY_BODY = YES;
				CLANG_WARN_ENUM_CONVERSION = YES;
				CLANG_WARN_INT_CONVERSION = YES;
				CLANG_WARN_OBJC_ROOT_CLASS = YES_ERROR;
				CLANG_WARN__DUPLICATE_METHOD_MATCH = YES;
				"CODE_SIGN_IDENTITY[sdk=iphoneos*]" = "iPhone Developer";
				COPY_PHASE_STRIP = YES;
				ENABLE_NS_ASSERTIONS = NO;
				GCC_C_LANGUAGE_STANDARD = gnu99;
				GCC_WARN_64_TO_32_BIT_CONVERSION = YES;
				GCC_WARN_ABOUT_RETURN_TYPE = YES_ERROR;
				GCC_WARN_UNDECLARED_SELECTOR = YES;
				GCC_WARN_UNINITIALIZED_AUTOS = YES;
				GCC_WARN_UNUSED_FUNCTION = YES;
				GCC_WARN_UNUSED_VARIABLE = YES;
				IPHONEOS_DEPLOYMENT_TARGET = 7.0;
				SDKROOT = iphoneos;
				VALIDATE_PRODUCT = YES;
			};
			name = Release;
		};
		AF93094B1895B2CC00CB2A8F /* Debug */ = {
			isa = XCBuildConfiguration;
			buildSettings = {
				ASSETCATALOG_COMPILER_APPICON_NAME = AppIcon;
				ASSETCATALOG_COMPILER_LAUNCHIMAGE_NAME = LaunchImage;
				GCC_PRECOMPILE_PREFIX_HEADER = YES;
				GCC_PREFIX_HEADER = "MCSwitcher/MCSwitcher-Prefix.pch";
				INFOPLIST_FILE = "MCSwitcher/MCSwitcher-Info.plist";
				IPHONEOS_DEPLOYMENT_TARGET = 6.1;
				LIBRARY_SEARCH_PATHS = (
					"$(inherited)",
					"/Users/Casper/Documents/workspace/Objective-C/iOS/MCSwitcher-iOS/MCSwitcher/Libs",
				);
				PRODUCT_NAME = "$(TARGET_NAME)";
				WRAPPER_EXTENSION = app;
			};
			name = Debug;
		};
		AF93094C1895B2CC00CB2A8F /* Release */ = {
			isa = XCBuildConfiguration;
			buildSettings = {
				ASSETCATALOG_COMPILER_APPICON_NAME = AppIcon;
				ASSETCATALOG_COMPILER_LAUNCHIMAGE_NAME = LaunchImage;
				GCC_PRECOMPILE_PREFIX_HEADER = YES;
				GCC_PREFIX_HEADER = "MCSwitcher/MCSwitcher-Prefix.pch";
				INFOPLIST_FILE = "MCSwitcher/MCSwitcher-Info.plist";
				IPHONEOS_DEPLOYMENT_TARGET = 6.1;
				LIBRARY_SEARCH_PATHS = (
					"$(inherited)",
					"/Users/Casper/Documents/workspace/Objective-C/iOS/MCSwitcher-iOS/MCSwitcher/Libs",
				);
				PRODUCT_NAME = "$(TARGET_NAME)";
				WRAPPER_EXTENSION = app;
			};
			name = Release;
		};
		AF93094E1895B2CC00CB2A8F /* Debug */ = {
			isa = XCBuildConfiguration;
			buildSettings = {
				ARCHS = "$(ARCHS_STANDARD_INCLUDING_64_BIT)";
				BUNDLE_LOADER = "$(BUILT_PRODUCTS_DIR)/MCSwitcher.app/MCSwitcher";
				FRAMEWORK_SEARCH_PATHS = (
					"$(SDKROOT)/Developer/Library/Frameworks",
					"$(inherited)",
					"$(DEVELOPER_FRAMEWORKS_DIR)",
				);
				GCC_PRECOMPILE_PREFIX_HEADER = YES;
				GCC_PREFIX_HEADER = "MCSwitcher/MCSwitcher-Prefix.pch";
				GCC_PREPROCESSOR_DEFINITIONS = (
					"DEBUG=1",
					"$(inherited)",
				);
				INFOPLIST_FILE = "MCSwitcherTests/MCSwitcherTests-Info.plist";
				PRODUCT_NAME = "$(TARGET_NAME)";
				TEST_HOST = "$(BUNDLE_LOADER)";
				WRAPPER_EXTENSION = xctest;
			};
			name = Debug;
		};
		AF93094F1895B2CC00CB2A8F /* Release */ = {
			isa = XCBuildConfiguration;
			buildSettings = {
				ARCHS = "$(ARCHS_STANDARD_INCLUDING_64_BIT)";
				BUNDLE_LOADER = "$(BUILT_PRODUCTS_DIR)/MCSwitcher.app/MCSwitcher";
				FRAMEWORK_SEARCH_PATHS = (
					"$(SDKROOT)/Developer/Library/Frameworks",
					"$(inherited)",
					"$(DEVELOPER_FRAMEWORKS_DIR)",
				);
				GCC_PRECOMPILE_PREFIX_HEADER = YES;
				GCC_PREFIX_HEADER = "MCSwitcher/MCSwitcher-Prefix.pch";
				INFOPLIST_FILE = "MCSwitcherTests/MCSwitcherTests-Info.plist";
				PRODUCT_NAME = "$(TARGET_NAME)";
				TEST_HOST = "$(BUNDLE_LOADER)";
				WRAPPER_EXTENSION = xctest;
			};
			name = Release;
		};
/* End XCBuildConfiguration section */

/* Begin XCConfigurationList section */
		AF9309131895B2CB00CB2A8F /* Build configuration list for PBXProject "MCSwitcher" */ = {
			isa = XCConfigurationList;
			buildConfigurations = (
				AF9309481895B2CC00CB2A8F /* Debug */,
				AF9309491895B2CC00CB2A8F /* Release */,
			);
			defaultConfigurationIsVisible = 0;
			defaultConfigurationName = Release;
		};
		AF93094A1895B2CC00CB2A8F /* Build configuration list for PBXNativeTarget "MCSwitcher" */ = {
			isa = XCConfigurationList;
			buildConfigurations = (
				AF93094B1895B2CC00CB2A8F /* Debug */,
				AF93094C1895B2CC00CB2A8F /* Release */,
			);
			defaultConfigurationIsVisible = 0;
			defaultConfigurationName = Release;
		};
		AF93094D1895B2CC00CB2A8F /* Build configuration list for PBXNativeTarget "MCSwitcherTests" */ = {
			isa = XCConfigurationList;
			buildConfigurations = (
				AF93094E1895B2CC00CB2A8F /* Debug */,
				AF93094F1895B2CC00CB2A8F /* Release */,
			);
			defaultConfigurationIsVisible = 0;
			defaultConfigurationName = Release;
		};
/* End XCConfigurationList section */
	};
	rootObject = AF9309101895B2CB00CB2A8F /* Project object */;
}
